
Microsoft Visual Studio Solution File, Format Version 12.00
# Visual Studio Version 17
VisualStudioVersion = 17.0.31903.59
MinimumVisualStudioVersion = 10.0.40219.1
Project("{FAE04EC0-301F-11D3-BF4B-00C04F79EFBC}") = "Domain", "..\Domain\Domain.csproj", "{9D84C9FB-84A1-48D6-A316-12B05D21C49D}"
EndProject
Project("{FAE04EC0-301F-11D3-BF4B-00C04F79EFBC}") = "InfraData", "..\InfraData\InfraData.csproj", "{8789CB1F-7FB2-4DB4-91C7-4662F44D530D}"
EndProject
Project("{FAE04EC0-301F-11D3-BF4B-00C04F79EFBC}") = "WebApi", "..\WebApi\WebApi.csproj", "{D873E5A3-8F56-4933-A026-CD5B4BAF34D2}"
EndProject
Project("{FAE04EC0-301F-11D3-BF4B-00C04F79EFBC}") = "TestesUnitarios", "..\TestesUnitarios\TestesUnitarios.csproj", "{B2195D62-86F5-417E-BF9A-D77E3AB60158}"
EndProject
Global
	GlobalSection(SolutionConfigurationPlatforms) = preSolution
		Debug|Any CPU = Debug|Any CPU
		Release|Any CPU = Release|Any CPU
	EndGlobalSection
	GlobalSection(SolutionProperties) = preSolution
		HideSolutionNode = FALSE
	EndGlobalSection
	GlobalSection(ProjectConfigurationPlatforms) = postSolution
		{9D84C9FB-84A1-48D6-A316-12B05D21C49D}.Debug|Any CPU.ActiveCfg = Debug|Any CPU
		{9D84C9FB-84A1-48D6-A316-12B05D21C49D}.Debug|Any CPU.Build.0 = Debug|Any CPU
		{9D84C9FB-84A1-48D6-A316-12B05D21C49D}.Release|Any CPU.ActiveCfg = Release|Any CPU
		{9D84C9FB-84A1-48D6-A316-12B05D21C49D}.Release|Any CPU.Build.0 = Release|Any CPU
		{8789CB1F-7FB2-4DB4-91C7-4662F44D530D}.Debug|Any CPU.ActiveCfg = Debug|Any CPU
		{8789CB1F-7FB2-4DB4-91C7-4662F44D530D}.Debug|Any CPU.Build.0 = Debug|Any CPU
		{8789CB1F-7FB2-4DB4-91C7-4662F44D530D}.Release|Any CPU.ActiveCfg = Release|Any CPU
		{8789CB1F-7FB2-4DB4-91C7-4662F44D530D}.Release|Any CPU.Build.0 = Release|Any CPU
		{D873E5A3-8F56-4933-A026-CD5B4BAF34D2}.Debug|Any CPU.ActiveCfg = Debug|Any CPU
		{D873E5A3-8F56-4933-A026-CD5B4BAF34D2}.Debug|Any CPU.Build.0 = Debug|Any CPU
		{D873E5A3-8F56-4933-A026-CD5B4BAF34D2}.Release|Any CPU.ActiveCfg = Release|Any CPU
		{D873E5A3-8F56-4933-A026-CD5B4BAF34D2}.Release|Any CPU.Build.0 = Release|Any CPU
		{B2195D62-86F5-417E-BF9A-D77E3AB60158}.Debug|Any CPU.ActiveCfg = Debug|Any CPU
		{B2195D62-86F5-417E-BF9A-D77E3AB60158}.Debug|Any CPU.Build.0 = Debug|Any CPU
		{B2195D62-86F5-417E-BF9A-D77E3AB60158}.Release|Any CPU.ActiveCfg = Release|Any CPU
		{B2195D62-86F5-417E-BF9A-D77E3AB60158}.Release|Any CPU.Build.0 = Release|Any CPU
	EndGlobalSection
EndGlobal
